
Microsoft Visual Studio Solution File, Format Version 12.00
# Visual Studio Version 17
VisualStudioVersion = 17.12.35527.113
MinimumVisualStudioVersion = 10.0.40219.1
Project("{2150E333-8FDC-42A3-9474-1A3956D46DE8}") = "Shop", "Shop", "{F14DF4B1-A106-44CD-94D1-2103A8D6823C}"
EndProject
Project("{9A19103F-16F7-4668-BE54-9A1E7A4F7556}") = "Shop.Domain", "Shop.Domain\Shop.Domain.csproj", "{C80D4EE8-498E-4E95-B886-5E4D9744A9F3}"
EndProject
Project("{9A19103F-16F7-4668-BE54-9A1E7A4F7556}") = "Shop.Application", "Shop\Shop.Application\Shop.Application.csproj", "{FF1FF612-309E-45D4-925E-DE49E65264B3}"
EndProject
Project("{9A19103F-16F7-4668-BE54-9A1E7A4F7556}") = "Shop.Infrastructure", "Shop\Shop.Infrastructure\Shop.Infrastructure.csproj", "{32E8918C-0F55-49CA-9E4C-080C5958F50A}"
EndProject
Project("{9A19103F-16F7-4668-BE54-9A1E7A4F7556}") = "Shop.Query", "Shop\Shop.Query\Shop.Query.csproj", "{8563E099-BB62-473E-904A-E6747115AB7D}"
EndProject
Project("{9A19103F-16F7-4668-BE54-9A1E7A4F7556}") = "Shop.Presentation.Facade", "Shop\Shop.Presentation.Facade\Shop.Presentation.Facade.csproj", "{5A839BA0-8078-4337-BADF-2E090FB1E9C4}"
EndProject
Project("{2150E333-8FDC-42A3-9474-1A3956D46DE8}") = "Common", "Common", "{909876B8-E6FF-46D9-9465-53E90B74D89A}"
EndProject
Project("{9A19103F-16F7-4668-BE54-9A1E7A4F7556}") = "Common.Domain", "Common\Common.Domain\Common.Domain.csproj", "{A2DA6E7F-D96C-4B51-AFBD-EA07B7B2ED3B}"
EndProject
Project("{9A19103F-16F7-4668-BE54-9A1E7A4F7556}") = "Common.Application", "Common.Application\Common.Application.csproj", "{D2B09E0D-AE05-461E-8411-1E3990C446EB}"
EndProject
Project("{9A19103F-16F7-4668-BE54-9A1E7A4F7556}") = "Common.Query", "Common.Query\Common.Query.csproj", "{E0C5AD5D-90E9-4CE0-9885-F40BF6C04956}"
EndProject
Project("{2150E333-8FDC-42A3-9474-1A3956D46DE8}") = "EndPoints", "EndPoints", "{8E11D7B6-8030-4ACA-A7F3-F7F79CD8E439}"
EndProject
Project("{9A19103F-16F7-4668-BE54-9A1E7A4F7556}") = "Shop.Api", "Shop\Shop.Api\Shop.Api.csproj", "{5C375818-760E-4AF9-ABB9-2FB361245F5F}"
EndProject
Project("{9A19103F-16F7-4668-BE54-9A1E7A4F7556}") = "Shop.Config", "Shop\Shop.Config\Shop.Config.csproj", "{3A30EFB3-8F06-4F1C-91E6-A0CAE0C63D49}"
EndProject
Project("{FAE04EC0-301F-11D3-BF4B-00C04F79EFBC}") = "Common.AspNetCore", "Common\Common.AspNetCore\Common.AspNetCore.csproj", "{1E47005F-6E8F-4968-90DA-6282B63F31EC}"
EndProject
Global
	GlobalSection(SolutionConfigurationPlatforms) = preSolution
		Debug|Any CPU = Debug|Any CPU
		Release|Any CPU = Release|Any CPU
	EndGlobalSection
	GlobalSection(ProjectConfigurationPlatforms) = postSolution
		{C80D4EE8-498E-4E95-B886-5E4D9744A9F3}.Debug|Any CPU.ActiveCfg = Debug|Any CPU
		{C80D4EE8-498E-4E95-B886-5E4D9744A9F3}.Debug|Any CPU.Build.0 = Debug|Any CPU
		{C80D4EE8-498E-4E95-B886-5E4D9744A9F3}.Release|Any CPU.ActiveCfg = Release|Any CPU
		{C80D4EE8-498E-4E95-B886-5E4D9744A9F3}.Release|Any CPU.Build.0 = Release|Any CPU
		{FF1FF612-309E-45D4-925E-DE49E65264B3}.Debug|Any CPU.ActiveCfg = Debug|Any CPU
		{FF1FF612-309E-45D4-925E-DE49E65264B3}.Debug|Any CPU.Build.0 = Debug|Any CPU
		{FF1FF612-309E-45D4-925E-DE49E65264B3}.Release|Any CPU.ActiveCfg = Release|Any CPU
		{FF1FF612-309E-45D4-925E-DE49E65264B3}.Release|Any CPU.Build.0 = Release|Any CPU
		{32E8918C-0F55-49CA-9E4C-080C5958F50A}.Debug|Any CPU.ActiveCfg = Debug|Any CPU
		{32E8918C-0F55-49CA-9E4C-080C5958F50A}.Debug|Any CPU.Build.0 = Debug|Any CPU
		{32E8918C-0F55-49CA-9E4C-080C5958F50A}.Release|Any CPU.ActiveCfg = Release|Any CPU
		{32E8918C-0F55-49CA-9E4C-080C5958F50A}.Release|Any CPU.Build.0 = Release|Any CPU
		{8563E099-BB62-473E-904A-E6747115AB7D}.Debug|Any CPU.ActiveCfg = Debug|Any CPU
		{8563E099-BB62-473E-904A-E6747115AB7D}.Debug|Any CPU.Build.0 = Debug|Any CPU
		{8563E099-BB62-473E-904A-E6747115AB7D}.Release|Any CPU.ActiveCfg = Release|Any CPU
		{8563E099-BB62-473E-904A-E6747115AB7D}.Release|Any CPU.Build.0 = Release|Any CPU
		{5A839BA0-8078-4337-BADF-2E090FB1E9C4}.Debug|Any CPU.ActiveCfg = Debug|Any CPU
		{5A839BA0-8078-4337-BADF-2E090FB1E9C4}.Debug|Any CPU.Build.0 = Debug|Any CPU
		{5A839BA0-8078-4337-BADF-2E090FB1E9C4}.Release|Any CPU.ActiveCfg = Release|Any CPU
		{5A839BA0-8078-4337-BADF-2E090FB1E9C4}.Release|Any CPU.Build.0 = Release|Any CPU
		{A2DA6E7F-D96C-4B51-AFBD-EA07B7B2ED3B}.Debug|Any CPU.ActiveCfg = Debug|Any CPU
		{A2DA6E7F-D96C-4B51-AFBD-EA07B7B2ED3B}.Debug|Any CPU.Build.0 = Debug|Any CPU
		{A2DA6E7F-D96C-4B51-AFBD-EA07B7B2ED3B}.Release|Any CPU.ActiveCfg = Release|Any CPU
		{A2DA6E7F-D96C-4B51-AFBD-EA07B7B2ED3B}.Release|Any CPU.Build.0 = Release|Any CPU
		{D2B09E0D-AE05-461E-8411-1E3990C446EB}.Debug|Any CPU.ActiveCfg = Debug|Any CPU
		{D2B09E0D-AE05-461E-8411-1E3990C446EB}.Debug|Any CPU.Build.0 = Debug|Any CPU
		{D2B09E0D-AE05-461E-8411-1E3990C446EB}.Release|Any CPU.ActiveCfg = Release|Any CPU
		{D2B09E0D-AE05-461E-8411-1E3990C446EB}.Release|Any CPU.Build.0 = Release|Any CPU
		{E0C5AD5D-90E9-4CE0-9885-F40BF6C04956}.Debug|Any CPU.ActiveCfg = Debug|Any CPU
		{E0C5AD5D-90E9-4CE0-9885-F40BF6C04956}.Debug|Any CPU.Build.0 = Debug|Any CPU
		{E0C5AD5D-90E9-4CE0-9885-F40BF6C04956}.Release|Any CPU.ActiveCfg = Release|Any CPU
		{E0C5AD5D-90E9-4CE0-9885-F40BF6C04956}.Release|Any CPU.Build.0 = Release|Any CPU
		{5C375818-760E-4AF9-ABB9-2FB361245F5F}.Debug|Any CPU.ActiveCfg = Debug|Any CPU
		{5C375818-760E-4AF9-ABB9-2FB361245F5F}.Debug|Any CPU.Build.0 = Debug|Any CPU
		{5C375818-760E-4AF9-ABB9-2FB361245F5F}.Release|Any CPU.ActiveCfg = Release|Any CPU
		{5C375818-760E-4AF9-ABB9-2FB361245F5F}.Release|Any CPU.Build.0 = Release|Any CPU
		{3A30EFB3-8F06-4F1C-91E6-A0CAE0C63D49}.Debug|Any CPU.ActiveCfg = Debug|Any CPU
		{3A30EFB3-8F06-4F1C-91E6-A0CAE0C63D49}.Debug|Any CPU.Build.0 = Debug|Any CPU
		{3A30EFB3-8F06-4F1C-91E6-A0CAE0C63D49}.Release|Any CPU.ActiveCfg = Release|Any CPU
		{3A30EFB3-8F06-4F1C-91E6-A0CAE0C63D49}.Release|Any CPU.Build.0 = Release|Any CPU
		{1E47005F-6E8F-4968-90DA-6282B63F31EC}.Debug|Any CPU.ActiveCfg = Debug|Any CPU
		{1E47005F-6E8F-4968-90DA-6282B63F31EC}.Debug|Any CPU.Build.0 = Debug|Any CPU
		{1E47005F-6E8F-4968-90DA-6282B63F31EC}.Release|Any CPU.ActiveCfg = Release|Any CPU
		{1E47005F-6E8F-4968-90DA-6282B63F31EC}.Release|Any CPU.Build.0 = Release|Any CPU
	EndGlobalSection
	GlobalSection(SolutionProperties) = preSolution
		HideSolutionNode = FALSE
	EndGlobalSection
	GlobalSection(NestedProjects) = preSolution
		{C80D4EE8-498E-4E95-B886-5E4D9744A9F3} = {F14DF4B1-A106-44CD-94D1-2103A8D6823C}
		{FF1FF612-309E-45D4-925E-DE49E65264B3} = {F14DF4B1-A106-44CD-94D1-2103A8D6823C}
		{32E8918C-0F55-49CA-9E4C-080C5958F50A} = {F14DF4B1-A106-44CD-94D1-2103A8D6823C}
		{8563E099-BB62-473E-904A-E6747115AB7D} = {F14DF4B1-A106-44CD-94D1-2103A8D6823C}
		{5A839BA0-8078-4337-BADF-2E090FB1E9C4} = {F14DF4B1-A106-44CD-94D1-2103A8D6823C}
		{A2DA6E7F-D96C-4B51-AFBD-EA07B7B2ED3B} = {909876B8-E6FF-46D9-9465-53E90B74D89A}
		{D2B09E0D-AE05-461E-8411-1E3990C446EB} = {909876B8-E6FF-46D9-9465-53E90B74D89A}
		{E0C5AD5D-90E9-4CE0-9885-F40BF6C04956} = {909876B8-E6FF-46D9-9465-53E90B74D89A}
		{8E11D7B6-8030-4ACA-A7F3-F7F79CD8E439} = {F14DF4B1-A106-44CD-94D1-2103A8D6823C}
		{5C375818-760E-4AF9-ABB9-2FB361245F5F} = {8E11D7B6-8030-4ACA-A7F3-F7F79CD8E439}
		{3A30EFB3-8F06-4F1C-91E6-A0CAE0C63D49} = {F14DF4B1-A106-44CD-94D1-2103A8D6823C}
		{1E47005F-6E8F-4968-90DA-6282B63F31EC} = {909876B8-E6FF-46D9-9465-53E90B74D89A}
	EndGlobalSection
EndGlobal
